Microsoft Visual Studio Solution File, Format Version 12.00
# Visual Studio 2012
Project("{FAE04EC0-301F-11D3-BF4B-00C04F79EFBC}") = "Godot Project 001", "Godot Project 001.csproj", "{F09A46BA-7D8D-4ECB-A3F5-CD4360C40365}"
EndProject
Global
	GlobalSection(SolutionConfigurationPlatforms) = preSolution
	Debug|Any CPU = Debug|Any CPU
	ExportDebug|Any CPU = ExportDebug|Any CPU
	ExportRelease|Any CPU = ExportRelease|Any CPU
	EndGlobalSection
	GlobalSection(ProjectConfigurationPlatforms) = postSolution
		{F09A46BA-7D8D-4ECB-A3F5-CD4360C40365}.Debug|Any CPU.ActiveCfg = Debug|Any CPU
		{F09A46BA-7D8D-4ECB-A3F5-CD4360C40365}.Debug|Any CPU.Build.0 = Debug|Any CPU
		{F09A46BA-7D8D-4ECB-A3F5-CD4360C40365}.ExportDebug|Any CPU.ActiveCfg = ExportDebug|Any CPU
		{F09A46BA-7D8D-4ECB-A3F5-CD4360C40365}.ExportDebug|Any CPU.Build.0 = ExportDebug|Any CPU
		{F09A46BA-7D8D-4ECB-A3F5-CD4360C40365}.ExportRelease|Any CPU.ActiveCfg = ExportRelease|Any CPU
		{F09A46BA-7D8D-4ECB-A3F5-CD4360C40365}.ExportRelease|Any CPU.Build.0 = ExportRelease|Any CPU
	EndGlobalSection
EndGlobal
